
Microsoft Visual Studio Solution File, Format Version 12.00
# Visual Studio 14
VisualStudioVersion = 14.0.23107.0
MinimumVisualStudioVersion = 10.0.40219.1
Project("{FAE04EC0-301F-11D3-BF4B-00C04F79EFBC}") = "ConsoleApplication2", "ConsoleApplication2\ConsoleApplication2.csproj", "{B87A12F3-C835-467A-BC3E-303677334C2E}"
EndProject
Project("{8BB2217D-0F2D-49D1-97BC-3654ED321F3B}") = "ClassLibrary1", "ClassLibrary1\ClassLibrary1.xproj", "{9D9A4B84-05C5-4CD3-BD16-77AA581822EB}"
EndProject
Global
	GlobalSection(SolutionConfigurationPlatforms) = preSolution
		Debug|Any CPU = Debug|Any CPU
		Release|Any CPU = Release|Any CPU
	EndGlobalSection
	GlobalSection(ProjectConfigurationPlatforms) = postSolution
		{B87A12F3-C835-467A-BC3E-303677334C2E}.Debug|Any CPU.ActiveCfg = Debug|Any CPU
		{B87A12F3-C835-467A-BC3E-303677334C2E}.Debug|Any CPU.Build.0 = Debug|Any CPU
		{B87A12F3-C835-467A-BC3E-303677334C2E}.Release|Any CPU.ActiveCfg = Release|Any CPU
		{B87A12F3-C835-467A-BC3E-303677334C2E}.Release|Any CPU.Build.0 = Release|Any CPU
		{9D9A4B84-05C5-4CD3-BD16-77AA581822EB}.Debug|Any CPU.ActiveCfg = Debug|Any CPU
		{9D9A4B84-05C5-4CD3-BD16-77AA581822EB}.Debug|Any CPU.Build.0 = Debug|Any CPU
		{9D9A4B84-05C5-4CD3-BD16-77AA581822EB}.Release|Any CPU.ActiveCfg = Release|Any CPU
		{9D9A4B84-05C5-4CD3-BD16-77AA581822EB}.Release|Any CPU.Build.0 = Release|Any CPU
	EndGlobalSection
	GlobalSection(SolutionProperties) = preSolution
		HideSolutionNode = FALSE
	EndGlobalSection
EndGlobal
